
Microsoft Visual Studio Solution File, Format Version 12.00
# Visual Studio 15
VisualStudioVersion = 15.0.28307.489
MinimumVisualStudioVersion = 10.0.40219.1
Project("{FAE04EC0-301F-11D3-BF4B-00C04F79EFBC}") = "spine-csharp", "spine-csharp.csproj", "{94144E22-2431-4A8F-AC04-DEC22F7EDD8F}"
EndProject
Project("{FAE04EC0-301F-11D3-BF4B-00C04F79EFBC}") = "Bin2JSON", "..\ConsoleApp1\Bin2JSON.csproj", "{7E2A7E74-8D16-4C0C-B0BF-F71A7BEB653D}"
EndProject
Global
	GlobalSection(SolutionConfigurationPlatforms) = preSolution
		Debug|Any CPU = Debug|Any CPU
		Release|Any CPU = Release|Any CPU
	EndGlobalSection
	GlobalSection(ProjectConfigurationPlatforms) = postSolution
		{94144E22-2431-4A8F-AC04-DEC22F7EDD8F}.Debug|Any CPU.ActiveCfg = Debug|Any CPU
		{94144E22-2431-4A8F-AC04-DEC22F7EDD8F}.Debug|Any CPU.Build.0 = Debug|Any CPU
		{94144E22-2431-4A8F-AC04-DEC22F7EDD8F}.Release|Any CPU.ActiveCfg = Release|Any CPU
		{94144E22-2431-4A8F-AC04-DEC22F7EDD8F}.Release|Any CPU.Build.0 = Release|Any CPU
		{7E2A7E74-8D16-4C0C-B0BF-F71A7BEB653D}.Debug|Any CPU.ActiveCfg = Debug|Any CPU
		{7E2A7E74-8D16-4C0C-B0BF-F71A7BEB653D}.Debug|Any CPU.Build.0 = Debug|Any CPU
		{7E2A7E74-8D16-4C0C-B0BF-F71A7BEB653D}.Release|Any CPU.ActiveCfg = Release|Any CPU
		{7E2A7E74-8D16-4C0C-B0BF-F71A7BEB653D}.Release|Any CPU.Build.0 = Release|Any CPU
	EndGlobalSection
	GlobalSection(SolutionProperties) = preSolution
		HideSolutionNode = FALSE
	EndGlobalSection
	GlobalSection(ExtensibilityGlobals) = postSolution
		SolutionGuid = {FA2B0D96-4A12-45BA-8A9B-82495CC26504}
	EndGlobalSection
	GlobalSection(MonoDevelopProperties) = preSolution
		StartupItem = spine-csharp.csproj
	EndGlobalSection
EndGlobal
